# This file is autogenerated, do not edit; changes may be undone by the next 'dep ensure'.


[[projects]]
  branch = "master"
  digest = "1:3608299a5104e29cf9a464f00bbe28472f1eca133a4fc9483718b5589238b135"
  name = "github.com/tkrajina/gpxgo"
  packages = ["gpx"]
  pruneopts = "UT"
  revision = "1b1f71eb1b590891d4ce4e1325f8bacbb20d8d4c"

[solve-meta]
  analyzer-name = "dep"
  analyzer-version = 1
  input-imports = ["github.com/tkrajina/gpxgo/gpx"]
  solver-name = "gps-cdcl"
  solver-version = 1
